
Microsoft Visual Studio Solution File, Format Version 12.00
# Visual Studio Version 17
VisualStudioVersion = 17.7.34202.233
MinimumVisualStudioVersion = 10.0.40219.1
Project("{8BC9CEB8-8B4A-11D0-8D11-00A0C91BC942}") = "OpenGL", "OpenGL\OpenGL.vcxproj", "{7A4FEEB4-7E30-47E2-BFD4-935B88449940}"
EndProject
Project("{8BC9CEB8-8B4A-11D0-8D11-00A0C91BC942}") = "LearnOpengl", "LearnOpengl\LearnOpengl.vcxproj", "{FF372AD7-D202-47C2-B608-ABC3A800A8A5}"
EndProject
Project("{8BC9CEB8-8B4A-11D0-8D11-00A0C91BC942}") = "Test", "Test\Test.vcxproj", "{CE209BCC-99F2-4DA0-9929-4A696AE3A61E}"
EndProject
Global
	GlobalSection(SolutionConfigurationPlatforms) = preSolution
		Debug|x64 = Debug|x64
		Debug|x86 = Debug|x86
		Release|x64 = Release|x64
		Release|x86 = Release|x86
	EndGlobalSection
	GlobalSection(ProjectConfigurationPlatforms) = postSolution
		{7A4FEEB4-7E30-47E2-BFD4-935B88449940}.Debug|x64.ActiveCfg = Debug|x64
		{7A4FEEB4-7E30-47E2-BFD4-935B88449940}.Debug|x64.Build.0 = Debug|x64
		{7A4FEEB4-7E30-47E2-BFD4-935B88449940}.Debug|x86.ActiveCfg = Debug|Win32
		{7A4FEEB4-7E30-47E2-BFD4-935B88449940}.Debug|x86.Build.0 = Debug|Win32
		{7A4FEEB4-7E30-47E2-BFD4-935B88449940}.Release|x64.ActiveCfg = Release|x64
		{7A4FEEB4-7E30-47E2-BFD4-935B88449940}.Release|x64.Build.0 = Release|x64
		{7A4FEEB4-7E30-47E2-BFD4-935B88449940}.Release|x86.ActiveCfg = Release|Win32
		{7A4FEEB4-7E30-47E2-BFD4-935B88449940}.Release|x86.Build.0 = Release|Win32
		{FF372AD7-D202-47C2-B608-ABC3A800A8A5}.Debug|x64.ActiveCfg = Debug|x64
		{FF372AD7-D202-47C2-B608-ABC3A800A8A5}.Debug|x64.Build.0 = Debug|x64
		{FF372AD7-D202-47C2-B608-ABC3A800A8A5}.Debug|x86.ActiveCfg = Debug|Win32
		{FF372AD7-D202-47C2-B608-ABC3A800A8A5}.Debug|x86.Build.0 = Debug|Win32
		{FF372AD7-D202-47C2-B608-ABC3A800A8A5}.Release|x64.ActiveCfg = Release|x64
		{FF372AD7-D202-47C2-B608-ABC3A800A8A5}.Release|x64.Build.0 = Release|x64
		{FF372AD7-D202-47C2-B608-ABC3A800A8A5}.Release|x86.ActiveCfg = Release|Win32
		{FF372AD7-D202-47C2-B608-ABC3A800A8A5}.Release|x86.Build.0 = Release|Win32
		{CE209BCC-99F2-4DA0-9929-4A696AE3A61E}.Debug|x64.ActiveCfg = Debug|x64
		{CE209BCC-99F2-4DA0-9929-4A696AE3A61E}.Debug|x64.Build.0 = Debug|x64
		{CE209BCC-99F2-4DA0-9929-4A696AE3A61E}.Debug|x86.ActiveCfg = Debug|Win32
		{CE209BCC-99F2-4DA0-9929-4A696AE3A61E}.Debug|x86.Build.0 = Debug|Win32
		{CE209BCC-99F2-4DA0-9929-4A696AE3A61E}.Release|x64.ActiveCfg = Release|x64
		{CE209BCC-99F2-4DA0-9929-4A696AE3A61E}.Release|x64.Build.0 = Release|x64
		{CE209BCC-99F2-4DA0-9929-4A696AE3A61E}.Release|x86.ActiveCfg = Release|Win32
		{CE209BCC-99F2-4DA0-9929-4A696AE3A61E}.Release|x86.Build.0 = Release|Win32
	EndGlobalSection
	GlobalSection(SolutionProperties) = preSolution
		HideSolutionNode = FALSE
	EndGlobalSection
	GlobalSection(ExtensibilityGlobals) = postSolution
		SolutionGuid = {04F4CA34-9540-42FD-9F12-55B00DD59313}
	EndGlobalSection
EndGlobal
